
Microsoft Visual Studio Solution File, Format Version 12.00
# Visual Studio 15
VisualStudioVersion = 15.0.28307.421
MinimumVisualStudioVersion = 10.0.40219.1
Project("{9A19103F-16F7-4668-BE54-9A1E7A4F7556}") = "PooEShopping", "PooEShopping\PooEShopping.csproj", "{3FC31D55-C662-42E9-8A83-7F1EAEBA0F22}"
EndProject
Project("{FAE04EC0-301F-11D3-BF4B-00C04F79EFBC}") = "PooEShopping.Test.XUnit", "PooEShopping.Test.XUnit\PooEShopping.Test.XUnit.csproj", "{587AE280-D801-4893-9ABA-710B3F6782F2}"
EndProject
Global
	GlobalSection(SolutionConfigurationPlatforms) = preSolution
		Debug|Any CPU = Debug|Any CPU
		Release|Any CPU = Release|Any CPU
	EndGlobalSection
	GlobalSection(ProjectConfigurationPlatforms) = postSolution
		{3FC31D55-C662-42E9-8A83-7F1EAEBA0F22}.Debug|Any CPU.ActiveCfg = Debug|Any CPU
		{3FC31D55-C662-42E9-8A83-7F1EAEBA0F22}.Debug|Any CPU.Build.0 = Debug|Any CPU
		{3FC31D55-C662-42E9-8A83-7F1EAEBA0F22}.Release|Any CPU.ActiveCfg = Release|Any CPU
		{3FC31D55-C662-42E9-8A83-7F1EAEBA0F22}.Release|Any CPU.Build.0 = Release|Any CPU
		{587AE280-D801-4893-9ABA-710B3F6782F2}.Debug|Any CPU.ActiveCfg = Debug|Any CPU
		{587AE280-D801-4893-9ABA-710B3F6782F2}.Debug|Any CPU.Build.0 = Debug|Any CPU
		{587AE280-D801-4893-9ABA-710B3F6782F2}.Release|Any CPU.ActiveCfg = Release|Any CPU
		{587AE280-D801-4893-9ABA-710B3F6782F2}.Release|Any CPU.Build.0 = Release|Any CPU
	EndGlobalSection
	GlobalSection(SolutionProperties) = preSolution
		HideSolutionNode = FALSE
	EndGlobalSection
	GlobalSection(ExtensibilityGlobals) = postSolution
		SolutionGuid = {CDC2462F-30F4-4640-90DE-E6D8B5AB14FE}
	EndGlobalSection
EndGlobal
